<Solution>
  <Folder Name="/plugins/">
    <Project Path="plugins/OpenStaff.Plugins.ModelDataSource/OpenStaff.Plugins.ModelDataSource.csproj" />
  </Folder>
  <Folder Name="/providers/">
    <Project Path="providers/OpenStaff.Provider.Abstractions/OpenStaff.Provider.Abstractions.csproj" Id="eb24c83e-2f89-4136-ba2e-b311494a8cc8" />
    <Project Path="providers/OpenStaff.Provider.Anthropic/OpenStaff.Provider.Anthropic.csproj" />
    <Project Path="providers/OpenStaff.Provider.Google/OpenStaff.Provider.Google.csproj" />
    <Project Path="providers/OpenStaff.Provider.NewApi/OpenStaff.Provider.NewApi.csproj" />
    <Project Path="providers/OpenStaff.Provider.OpenAI/OpenStaff.Provider.OpenAI.csproj" />
    <Project Path="providers/OpenStaff.Provider.GitHubCopilot/OpenStaff.Provider.GitHubCopilot.csproj" />
    <Project Path="providers/OpenStaff.Provider.Tests/OpenStaff.Provider.Tests.csproj" />
  </Folder>
  <Project Path="OpenStaff.Agents/OpenStaff.Agents.csproj" />
  <Project Path="OpenStaff.Api/OpenStaff.Api.csproj" />
  <Project Path="OpenStaff.AppHost/OpenStaff.AppHost.csproj" />
  <Project Path="OpenStaff.Application/OpenStaff.Application.csproj" />
  <Project Path="OpenStaff.Application.Contracts/OpenStaff.Application.Contracts.csproj" />
  <Project Path="OpenStaff.Core/OpenStaff.Core.csproj" />
  <Project Path="OpenStaff.HttpApi/OpenStaff.HttpApi.csproj" />
  <Project Path="OpenStaff.Infrastructure/OpenStaff.Infrastructure.csproj" />
  <Project Path="OpenStaff.ServiceDefaults/OpenStaff.ServiceDefaults.csproj" />
  <Project Path="OpenStaff.Tests/OpenStaff.Tests.csproj" />
</Solution>
