<Solution>
  <Project Path="OpenStaff.Agents/OpenStaff.Agents.csproj" />
  <Project Path="OpenStaff.Api/OpenStaff.Api.csproj" />
  <Project Path="OpenStaff.AppHost/OpenStaff.AppHost.csproj" />
  <Project Path="OpenStaff.Core/OpenStaff.Core.csproj" />
  <Project Path="OpenStaff.Infrastructure/OpenStaff.Infrastructure.csproj" />
  <Project Path="OpenStaff.ServiceDefaults/OpenStaff.ServiceDefaults.csproj" />
  <Project Path="OpenStaff.Tests/OpenStaff.Tests.csproj" />
</Solution>
